
Microsoft Visual Studio Solution File, Format Version 12.00
# Visual Studio Version 17
VisualStudioVersion = 17.14.36203.30 d17.14
MinimumVisualStudioVersion = 10.0.40219.1
Project("{FAE04EC0-301F-11D3-BF4B-00C04F79EFBC}") = "try2_local_rep", "try2_local_rep\try2_local_rep.csproj", "{6EBDBB9A-81BF-40FD-858D-E017B6AE5503}"
EndProject
Global
	GlobalSection(SolutionConfigurationPlatforms) = preSolution
		Debug|Any CPU = Debug|Any CPU
		Release|Any CPU = Release|Any CPU
	EndGlobalSection
	GlobalSection(ProjectConfigurationPlatforms) = postSolution
		{6EBDBB9A-81BF-40FD-858D-E017B6AE5503}.Debug|Any CPU.ActiveCfg = Debug|Any CPU
		{6EBDBB9A-81BF-40FD-858D-E017B6AE5503}.Debug|Any CPU.Build.0 = Debug|Any CPU
		{6EBDBB9A-81BF-40FD-858D-E017B6AE5503}.Release|Any CPU.ActiveCfg = Release|Any CPU
		{6EBDBB9A-81BF-40FD-858D-E017B6AE5503}.Release|Any CPU.Build.0 = Release|Any CPU
	EndGlobalSection
	GlobalSection(SolutionProperties) = preSolution
		HideSolutionNode = FALSE
	EndGlobalSection
	GlobalSection(ExtensibilityGlobals) = postSolution
		SolutionGuid = {66BA3603-21F6-45AF-BC25-9F3FFFE159B9}
	EndGlobalSection
EndGlobal
